<?xml version="1.0" encoding="utf-8"?>
<Project ToolsVersion="4.0" xmlns="http://schemas.microsoft.com/developer/msbuild/2003">
  <ItemGroup>
    <Filter Include="Resource Files">
      <UniqueIdentifier>{67DA6AB6-F800-4c08-8B7A-83BB121AAD01}</UniqueIdentifier>
      <Extensions>rc;ico;cur;bmp;dlg;rc2;rct;bin;rgs;gif;jpg;jpeg;jpe;resx;tiff;tif;png;wav;mfcribbon-ms</Extensions>
    </Filter>
    <Filter Include="Entities">
      <UniqueIdentifier>{4d0aa5d7-0c61-464f-9214-f83a2e9ee4e4}</UniqueIdentifier>
    </Filter>
    <Filter Include="Core">
      <UniqueIdentifier>{381e1092-0b04-446e-8e95-75f3e139ddf2}</UniqueIdentifier>
    </Filter>
    <Filter Include="Misc">
      <UniqueIdentifier>{5262fa1d-4afd-4ec6-8a4a-e8bacad510b3}</UniqueIdentifier>
    </Filter>
    <Filter Include="Animators">
      <UniqueIdentifier>{1b4eeea6-7f7f-4f0b-a835-069bb22e7fda}</UniqueIdentifier>
    </Filter>
    <Filter Include="States">
      <UniqueIdentifier>{9ca7e4c4-7227-4f05-b15a-e6815d545be5}</UniqueIdentifier>
    </Filter>
  </ItemGroup>
  <ItemGroup>
    <ClCompile Include="Entity.cpp">
      <Filter>Entities</Filter>
    </ClCompile>
    <ClCompile Include="Drone.cpp">
      <Filter>Entities</Filter>
    </ClCompile>
    <ClCompile Include="Gem.cpp">
      <Filter>Entities</Filter>
    </ClCompile>
    <ClCompile Include="Stompy.cpp">
      <Filter>Entities</Filter>
    </ClCompile>
    <ClCompile Include="BulletManager.cpp">
      <Filter>Core</Filter>
    </ClCompile>
    <ClCompile Include="EffectManager.cpp">
      <Filter>Core</Filter>
    </ClCompile>
    <ClCompile Include="EntityManager.cpp">
      <Filter>Core</Filter>
    </ClCompile>
    <ClCompile Include="StateManager.cpp">
      <Filter>Core</Filter>
    </ClCompile>
    <ClCompile Include="TextureHolder.cpp">
      <Filter>Core</Filter>
    </ClCompile>
    <ClCompile Include="World.cpp">
      <Filter>Core</Filter>
    </ClCompile>
    <ClCompile Include="Player.cpp">
      <Filter>Entities</Filter>
    </ClCompile>
    <ClCompile Include="DirectionalSprite.cpp">
      <Filter>Animators</Filter>
    </ClCompile>
    <ClCompile Include="SpriteSheet.cpp">
      <Filter>Animators</Filter>
    </ClCompile>
    <ClCompile Include="GS_Game.cpp">
      <Filter>States</Filter>
    </ClCompile>
    <ClCompile Include="GS_GameOver.cpp">
      <Filter>States</Filter>
    </ClCompile>
    <ClCompile Include="GS_Menu.cpp">
      <Filter>States</Filter>
    </ClCompile>
    <ClCompile Include="Bullet.cpp">
      <Filter>Entities</Filter>
    </ClCompile>
    <ClCompile Include="Explosion.cpp">
      <Filter>Misc</Filter>
    </ClCompile>
    <ClCompile Include="main.cpp">
      <Filter>Core</Filter>
    </ClCompile>
    <ClCompile Include="Game.cpp">
      <Filter>Core</Filter>
    </ClCompile>
    <ClCompile Include="DirectionalBullet.cpp">
      <Filter>Entities</Filter>
    </ClCompile>
    <ClCompile Include="StaticBullet.cpp">
      <Filter>Entities</Filter>
    </ClCompile>
  </ItemGroup>
  <ItemGroup>
    <ClInclude Include="Entity.h">
      <Filter>Entities</Filter>
    </ClInclude>
    <ClInclude Include="Drone.h">
      <Filter>Entities</Filter>
    </ClInclude>
    <ClInclude Include="Stompy.h">
      <Filter>Entities</Filter>
    </ClInclude>
    <ClInclude Include="Gem.h">
      <Filter>Entities</Filter>
    </ClInclude>
    <ClInclude Include="World.h">
      <Filter>Core</Filter>
    </ClInclude>
    <ClInclude Include="TextureHolder.h">
      <Filter>Core</Filter>
    </ClInclude>
    <ClInclude Include="EntityManager.h">
      <Filter>Core</Filter>
    </ClInclude>
    <ClInclude Include="EffectManager.h">
      <Filter>Core</Filter>
    </ClInclude>
    <ClInclude Include="BulletManager.h">
      <Filter>Core</Filter>
    </ClInclude>
    <ClInclude Include="StateManager.h">
      <Filter>Core</Filter>
    </ClInclude>
    <ClInclude Include="Player.h">
      <Filter>Entities</Filter>
    </ClInclude>
    <ClInclude Include="DirectionalSprite.h">
      <Filter>Animators</Filter>
    </ClInclude>
    <ClInclude Include="SpriteSheet.h">
      <Filter>Animators</Filter>
    </ClInclude>
    <ClInclude Include="GameState.h">
      <Filter>States</Filter>
    </ClInclude>
    <ClInclude Include="GS_Game.h">
      <Filter>States</Filter>
    </ClInclude>
    <ClInclude Include="GS_GameOver.h">
      <Filter>States</Filter>
    </ClInclude>
    <ClInclude Include="GS_Menu.h">
      <Filter>States</Filter>
    </ClInclude>
    <ClInclude Include="Bullet.h">
      <Filter>Entities</Filter>
    </ClInclude>
    <ClInclude Include="Context.h">
      <Filter>Core</Filter>
    </ClInclude>
    <ClInclude Include="Utilities.h">
      <Filter>Misc</Filter>
    </ClInclude>
    <ClInclude Include="EntityDebugView.h">
      <Filter>Misc</Filter>
    </ClInclude>
    <ClInclude Include="Explosion.h">
      <Filter>Misc</Filter>
    </ClInclude>
    <ClInclude Include="Game.h">
      <Filter>Core</Filter>
    </ClInclude>
    <ClInclude Include="DirectionalBullet.h">
      <Filter>Entities</Filter>
    </ClInclude>
    <ClInclude Include="StaticBullet.h">
      <Filter>Entities</Filter>
    </ClInclude>
  </ItemGroup>
  <ItemGroup>
    <None Include="config\bot1.cfg">
      <Filter>Resource Files</Filter>
    </None>
    <None Include="config\bot2.cfg">
      <Filter>Resource Files</Filter>
    </None>
    <None Include="config\textures.cfg">
      <Filter>Resource Files</Filter>
    </None>
    <None Include="config\directionalBullet.cfg">
      <Filter>Resource Files</Filter>
    </None>
    <None Include="config\smallExplosions.cfg">
      <Filter>Resource Files</Filter>
    </None>
    <None Include="config\bigExplosion.cfg">
      <Filter>Resource Files</Filter>
    </None>
    <None Include="config\stompy.cfg">
      <Filter>Resource Files</Filter>
    </None>
    <None Include="config\gem.cfg">
      <Filter>Resource Files</Filter>
    </None>
  </ItemGroup>
</Project>